
Microsoft Visual Studio Solution File, Format Version 12.00
# Visual Studio Version 17
VisualStudioVersion = 17.10.35027.167
MinimumVisualStudioVersion = 10.0.40219.1
Project("{FAE04EC0-301F-11D3-BF4B-00C04F79EFBC}") = "WebAPICProject", "WebAPICProject\WebAPICProject.csproj", "{575D2C58-3A52-4EEE-8FB5-8849AE84C0B7}"
EndProject
Project("{FAE04EC0-301F-11D3-BF4B-00C04F79EFBC}") = "WebAPIProject.Test", "WebAPIProject.Test\WebAPIProject.Test.csproj", "{C84A6DAC-E035-4BB9-A602-E3BA63D98A16}"
EndProject
Global
	GlobalSection(SolutionConfigurationPlatforms) = preSolution
		Debug|Any CPU = Debug|Any CPU
		Release|Any CPU = Release|Any CPU
	EndGlobalSection
	GlobalSection(ProjectConfigurationPlatforms) = postSolution
		{575D2C58-3A52-4EEE-8FB5-8849AE84C0B7}.Debug|Any CPU.ActiveCfg = Debug|Any CPU
		{575D2C58-3A52-4EEE-8FB5-8849AE84C0B7}.Debug|Any CPU.Build.0 = Debug|Any CPU
		{575D2C58-3A52-4EEE-8FB5-8849AE84C0B7}.Release|Any CPU.ActiveCfg = Release|Any CPU
		{575D2C58-3A52-4EEE-8FB5-8849AE84C0B7}.Release|Any CPU.Build.0 = Release|Any CPU
		{C84A6DAC-E035-4BB9-A602-E3BA63D98A16}.Debug|Any CPU.ActiveCfg = Debug|Any CPU
		{C84A6DAC-E035-4BB9-A602-E3BA63D98A16}.Debug|Any CPU.Build.0 = Debug|Any CPU
		{C84A6DAC-E035-4BB9-A602-E3BA63D98A16}.Release|Any CPU.ActiveCfg = Release|Any CPU
		{C84A6DAC-E035-4BB9-A602-E3BA63D98A16}.Release|Any CPU.Build.0 = Release|Any CPU
	EndGlobalSection
	GlobalSection(SolutionProperties) = preSolution
		HideSolutionNode = FALSE
	EndGlobalSection
	GlobalSection(ExtensibilityGlobals) = postSolution
		SolutionGuid = {7307A4C5-307B-4189-B389-AF74AA2087F8}
	EndGlobalSection
EndGlobal
